# THIS IS AN AUTOGENERATED FILE. DO NOT EDIT THIS FILE DIRECTLY.
# yarn lockfile v1


typescript-pundle@1.0.1:
  version "1.0.1"
  resolved "https://registry.yarnpkg.com/typescript-pundle/-/typescript-pundle-1.0.1.tgz#ff10d1e3a29a0d8bf9a17d7279cc43d29c184d95"
  dependencies:
    typescript "^2.0.7"

typescript@2.1.1, typescript@^2.0.7:
  version "2.1.1"
  resolved "https://registry.yarnpkg.com/typescript/-/typescript-2.1.1.tgz#41c2b64472f529331b2055c0424862b44ce58d42"
